// !$*UTF8*$!
{
	archiveVersion = 1;
	classes = {
	};
	objectVersion = 46;
	objects = {

/* Begin PBXBuildFile section */
		555427E21B4C14FD006ABA04 /* main.m in Sources */ = {isa = PBXBuildFile; fileRef = 555427E11B4C14FD006ABA04 /* main.m */; };
		555427E51B4C14FD006ABA04 /* AppDelegate.m in Sources */ = {isa = PBXBuildFile; fileRef = 555427E41B4C14FD006ABA04 /* AppDelegate.m */; };
		555427E81B4C14FD006ABA04 /* ViewController.m in Sources */ = {isa = PBXBuildFile; fileRef = 555427E71B4C14FD006ABA04 /* ViewController.m */; };
		555427EB1B4C14FD006ABA04 /* Main.storyboard in Resources */ = {isa = PBXBuildFile; fileRef = 555427E91B4C14FD006ABA04 /* Main.storyboard */; };
		555427ED1B4C14FD006ABA04 /* Images.xcassets in Resources */ = {isa = PBXBuildFile; fileRef = 555427EC1B4C14FD006ABA04 /* Images.xcassets */; };
		555427F01B4C14FD006ABA04 /* LaunchScreen.xib in Resources */ = {isa = PBXBuildFile; fileRef = 555427EE1B4C14FD006ABA04 /* LaunchScreen.xib */; };
		555427FC1B4C14FD006ABA04 /* SignatureTests.m in Sources */ = {isa = PBXBuildFile; fileRef = 555427FB1B4C14FD006ABA04 /* SignatureTests.m */; };
/* End PBXBuildFile section */

/* Begin PBXContainerItemProxy section */
		555427F61B4C14FD006ABA04 /* PBXContainerItemProxy */ = {
			isa = PBXContainerItemProxy;
			containerPortal = 555427D41B4C14FD006ABA04 /* Project object */;
			proxyType = 1;
			remoteGlobalIDString = 555427DB1B4C14FD006ABA04;
			remoteInfo = Signature;
		};
/* End PBXContainerItemProxy section */

/* Begin PBXFileReference section */
		555427DC1B4C14FD006ABA04 /* Signature.app */ = {isa = PBXFileReference; explicitFileType = wrapper.application; includeInIndex = 0; path = Signature.app; sourceTree = BUILT_PRODUCTS_DIR; };
		555427E01B4C14FD006ABA04 /* Info.plist */ = {isa = PBXFileReference; lastKnownFileType = text.plist.xml; path = Info.plist; sourceTree = "<group>"; };
		555427E11B4C14FD006ABA04 /* main.m */ = {isa = PBXFileReference; lastKnownFileType = sourcecode.c.objc; path = main.m; sourceTree = "<group>"; };
		555427E31B4C14FD006ABA04 /* AppDelegate.h */ = {isa = PBXFileReference; lastKnownFileType = sourcecode.c.h; path = AppDelegate.h; sourceTree = "<group>"; };
		555427E41B4C14FD006ABA04 /* AppDelegate.m */ = {isa = PBXFileReference; lastKnownFileType = sourcecode.c.objc; path = AppDelegate.m; sourceTree = "<group>"; };
		555427E61B4C14FD006ABA04 /* ViewController.h */ = {isa = PBXFileReference; lastKnownFileType = sourcecode.c.h; path = ViewController.h; sourceTree = "<group>"; };
		555427E71B4C14FD006ABA04 /* ViewController.m */ = {isa = PBXFileReference; lastKnownFileType = sourcecode.c.objc; path = ViewController.m; sourceTree = "<group>"; };
		555427EA1B4C14FD006ABA04 /* Base */ = {isa = PBXFileReference; lastKnownFileType = file.storyboard; name = Base; path = Base.lproj/Main.storyboard; sourceTree = "<group>"; };
		555427EC1B4C14FD006ABA04 /* Images.xcassets */ = {isa = PBXFileReference; lastKnownFileType = folder.assetcatalog; path = Images.xcassets; sourceTree = "<group>"; };
		555427EF1B4C14FD006ABA04 /* Base */ = {isa = PBXFileReference; lastKnownFileType = file.xib; name = Base; path = Base.lproj/LaunchScreen.xib; sourceTree = "<group>"; };
		555427F51B4C14FD006ABA04 /* SignatureTests.xctest */ = {isa = PBXFileReference; explicitFileType = wrapper.cfbundle; includeInIndex = 0; path = SignatureTests.xctest; sourceTree = BUILT_PRODUCTS_DIR; };
		555427FA1B4C14FD006ABA04 /* Info.plist */ = {isa = PBXFileReference; lastKnownFileType = text.plist.xml; path = Info.plist; sourceTree = "<group>"; };
		555427FB1B4C14FD006ABA04 /* SignatureTests.m */ = {isa = PBXFileReference; lastKnownFileType = sourcecode.c.objc; path = SignatureTests.m; sourceTree = "<group>"; };
/* End PBXFileReference section */

/* Begin PBXFrameworksBuildPhase section */
		555427D91B4C14FD006ABA04 /* Frameworks */ = {
			isa = PBXFrameworksBuildPhase;
			buildActionMask = 2147483647;
			files = (
			);
			runOnlyForDeploymentPostprocessing = 0;
		};
		555427F21B4C14FD006ABA04 /* Frameworks */ = {
			isa = PBXFrameworksBuildPhase;
			buildActionMask = 2147483647;
			files = (
			);
			runOnlyForDeploymentPostprocessing = 0;
		};
/* End PBXFrameworksBuildPhase section */

/* Begin PBXGroup section */
		555427D31B4C14FD006ABA04 = {
			isa = PBXGroup;
			children = (
				555427DE1B4C14FD006ABA04 /* Signature */,
				555427F81B4C14FD006ABA04 /* SignatureTests */,
				555427DD1B4C14FD006ABA04 /* Products */,
			);
			sourceTree = "<group>";
		};
		555427DD1B4C14FD006ABA04 /* Products */ = {
			isa = PBXGroup;
			children = (
				555427DC1B4C14FD006ABA04 /* Signature.app */,
				555427F51B4C14FD006ABA04 /* SignatureTests.xctest */,
			);
			name = Products;
			sourceTree = "<group>";
		};
		555427DE1B4C14FD006ABA04 /* Signature */ = {
			isa = PBXGroup;
			children = (
				555427E31B4C14FD006ABA04 /* AppDelegate.h */,
				555427E41B4C14FD006ABA04 /* AppDelegate.m */,
				555427E61B4C14FD006ABA04 /* ViewController.h */,
				555427E71B4C14FD006ABA04 /* ViewController.m */,
				555427E91B4C14FD006ABA04 /* Main.storyboard */,
				555427EC1B4C14FD006ABA04 /* Images.xcassets */,
				555427EE1B4C14FD006ABA04 /* LaunchScreen.xib */,
				555427DF1B4C14FD006ABA04 /* Supporting Files */,
			);
			path = Signature;
			sourceTree = "<group>";
		};
		555427DF1B4C14FD006ABA04 /* Supporting Files */ = {
			isa = PBXGroup;
			children = (
				555427E01B4C14FD006ABA04 /* Info.plist */,
				555427E11B4C14FD006ABA04 /* main.m */,
			);
			name = "Supporting Files";
			sourceTree = "<group>";
		};
		555427F81B4C14FD006ABA04 /* SignatureTests */ = {
			isa = PBXGroup;
			children = (
				555427FB1B4C14FD006ABA04 /* SignatureTests.m */,
				555427F91B4C14FD006ABA04 /* Supporting Files */,
			);
			path = SignatureTests;
			sourceTree = "<group>";
		};
		555427F91B4C14FD006ABA04 /* Supporting Files */ = {
			isa = PBXGroup;
			children = (
				555427FA1B4C14FD006ABA04 /* Info.plist */,
			);
			name = "Supporting Files";
			sourceTree = "<group>";
		};
/* End PBXGroup section */

/* Begin PBXNativeTarget section */
		555427DB1B4C14FD006ABA04 /* Signature */ = {
			isa = PBXNativeTarget;
			buildConfigurationList = 555427FF1B4C14FD006ABA04 /* Build configuration list for PBXNativeTarget "Signature" */;
			buildPhases = (
				555427D81B4C14FD006ABA04 /* Sources */,
				555427D91B4C14FD006ABA04 /* Frameworks */,
				555427DA1B4C14FD006ABA04 /* Resources */,
			);
			buildRules = (
			);
			dependencies = (
			);
			name = Signature;
			productName = Signature;
			productReference = 555427DC1B4C14FD006ABA04 /* Signature.app */;
			productType = "com.apple.product-type.application";
		};
		555427F41B4C14FD006ABA04 /* SignatureTests */ = {
			isa = PBXNativeTarget;
			buildConfigurationList = 555428021B4C14FD006ABA04 /* Build configuration list for PBXNativeTarget "SignatureTests" */;
			buildPhases = (
				555427F11B4C14FD006ABA04 /* Sources */,
				555427F21B4C14FD006ABA04 /* Frameworks */,
				555427F31B4C14FD006ABA04 /* Resources */,
			);
			buildRules = (
			);
			dependencies = (
				555427F71B4C14FD006ABA04 /* PBXTargetDependency */,
			);
			name = SignatureTests;
			productName = SignatureTests;
			productReference = 555427F51B4C14FD006ABA04 /* SignatureTests.xctest */;
			productType = "com.apple.product-type.bundle.unit-test";
		};
/* End PBXNativeTarget section */

/* Begin PBXProject section */
		555427D41B4C14FD006ABA04 /* Project object */ = {
			isa = PBXProject;
			attributes = {
				LastUpgradeCheck = 0640;
				ORGANIZATIONNAME = "Joan Molinas";
				TargetAttributes = {
					555427DB1B4C14FD006ABA04 = {
						CreatedOnToolsVersion = 6.4;
					};
					555427F41B4C14FD006ABA04 = {
						CreatedOnToolsVersion = 6.4;
						TestTargetID = 555427DB1B4C14FD006ABA04;
					};
				};
			};
			buildConfigurationList = 555427D71B4C14FD006ABA04 /* Build configuration list for PBXProject "Signature" */;
			compatibilityVersion = "Xcode 3.2";
			developmentRegion = English;
			hasScannedForEncodings = 0;
			knownRegions = (
				en,
				Base,
			);
			mainGroup = 555427D31B4C14FD006ABA04;
			productRefGroup = 555427DD1B4C14FD006ABA04 /* Products */;
			projectDirPath = "";
			projectRoot = "";
			targets = (
				555427DB1B4C14FD006ABA04 /* Signature */,
				555427F41B4C14FD006ABA04 /* SignatureTests */,
			);
		};
/* End PBXProject section */

/* Begin PBXResourcesBuildPhase section */
		555427DA1B4C14FD006ABA04 /* Resources */ = {
			isa = PBXResourcesBuildPhase;
			buildActionMask = 2147483647;
			files = (
				555427EB1B4C14FD006ABA04 /* Main.storyboard in Resources */,
				555427F01B4C14FD006ABA04 /* LaunchScreen.xib in Resources */,
				555427ED1B4C14FD006ABA04 /* Images.xcassets in Resources */,
			);
			runOnlyForDeploymentPostprocessing = 0;
		};
		555427F31B4C14FD006ABA04 /* Resources */ = {
			isa = PBXResourcesBuildPhase;
			buildActionMask = 2147483647;
			files = (
			);
			runOnlyForDeploymentPostprocessing = 0;
		};
/* End PBXResourcesBuildPhase section */

/* Begin PBXSourcesBuildPhase section */
		555427D81B4C14FD006ABA04 /* Sources */ = {
			isa = PBXSourcesBuildPhase;
			buildActionMask = 2147483647;
			files = (
				555427E81B4C14FD006ABA04 /* ViewController.m in Sources */,
				555427E51B4C14FD006ABA04 /* AppDelegate.m in Sources */,
				555427E21B4C14FD006ABA04 /* main.m in Sources */,
			);
			runOnlyForDeploymentPostprocessing = 0;
		};
		555427F11B4C14FD006ABA04 /* Sources */ = {
			isa = PBXSourcesBuildPhase;
			buildActionMask = 2147483647;
			files = (
				555427FC1B4C14FD006ABA04 /* SignatureTests.m in Sources */,
			);
			runOnlyForDeploymentPostprocessing = 0;
		};
/* End PBXSourcesBuildPhase section */

/* Begin PBXTargetDependency section */
		555427F71B4C14FD006ABA04 /* PBXTargetDependency */ = {
			isa = PBXTargetDependency;
			target = 555427DB1B4C14FD006ABA04 /* Signature */;
			targetProxy = 555427F61B4C14FD006ABA04 /* PBXContainerItemProxy */;
		};
/* End PBXTargetDependency section */

/* Begin PBXVariantGroup section */
		555427E91B4C14FD006ABA04 /* Main.storyboard */ = {
			isa = PBXVariantGroup;
			children = (
				555427EA1B4C14FD006ABA04 /* Base */,
			);
			name = Main.storyboard;
			sourceTree = "<group>";
		};
		555427EE1B4C14FD006ABA04 /* LaunchScreen.xib */ = {
			isa = PBXVariantGroup;
			children = (
				555427EF1B4C14FD006ABA04 /* Base */,
			);
			name = LaunchScreen.xib;
			sourceTree = "<group>";
		};
/* End PBXVariantGroup section */

/* Begin XCBuildConfiguration section */
		555427FD1B4C14FD006ABA04 /* Debug */ = {
			isa = XCBuildConfiguration;
			buildSettings = {
				ALWAYS_SEARCH_USER_PATHS = NO;
				CLANG_CXX_LANGUAGE_STANDARD = "gnu++0x";
				CLANG_CXX_LIBRARY = "libc++";
				CLANG_ENABLE_MODULES = YES;
				CLANG_ENABLE_OBJC_ARC = YES;
				CLANG_WARN_BOOL_CONVERSION = YES;
				CLANG_WARN_CONSTANT_CONVERSION = YES;
				CLANG_WARN_DIRECT_OBJC_ISA_USAGE = YES_ERROR;
				CLANG_WARN_EMPTY_BODY = YES;
				CLANG_WARN_ENUM_CONVERSION = YES;
				CLANG_WARN_INT_CONVERSION = YES;
				CLANG_WARN_OBJC_ROOT_CLASS = YES_ERROR;
				CLANG_WARN_UNREACHABLE_CODE = YES;
				CLANG_WARN__DUPLICATE_METHOD_MATCH = YES;
				"CODE_SIGN_IDENTITY[sdk=iphoneos*]" = "iPhone Developer";
				COPY_PHASE_STRIP = NO;
				DEBUG_INFORMATION_FORMAT = "dwarf-with-dsym";
				ENABLE_STRICT_OBJC_MSGSEND = YES;
				GCC_C_LANGUAGE_STANDARD = gnu99;
				GCC_DYNAMIC_NO_PIC = NO;
				GCC_NO_COMMON_BLOCKS = YES;
				GCC_OPTIMIZATION_LEVEL = 0;
				GCC_PREPROCESSOR_DEFINITIONS = (
					"DEBUG=1",
					"$(inherited)",
				);
				GCC_SYMBOLS_PRIVATE_EXTERN = NO;
				GCC_WARN_64_TO_32_BIT_CONVERSION = YES;
				GCC_WARN_ABOUT_RETURN_TYPE = YES_ERROR;
				GCC_WARN_UNDECLARED_SELECTOR = YES;
				GCC_WARN_UNINITIALIZED_AUTOS = YES_AGGRESSIVE;
				GCC_WARN_UNUSED_FUNCTION = YES;
				GCC_WARN_UNUSED_VARIABLE = YES;
				IPHONEOS_DEPLOYMENT_TARGET = 8.4;
				MTL_ENABLE_DEBUG_INFO = YES;
				ONLY_ACTIVE_ARCH = YES;
				SDKROOT = iphoneos;
				TARGETED_DEVICE_FAMILY = "1,2";
			};
			name = Debug;
		};
		555427FE1B4C14FD006ABA04 /* Release */ = {
			isa = XCBuildConfiguration;
			buildSettings = {
				ALWAYS_SEARCH_USER_PATHS = NO;
				CLANG_CXX_LANGUAGE_STANDARD = "gnu++0x";
				CLANG_CXX_LIBRARY = "libc++";
				CLANG_ENABLE_MODULES = YES;
				CLANG_ENABLE_OBJC_ARC = YES;
				CLANG_WARN_BOOL_CONVERSION = YES;
				CLANG_WARN_CONSTANT_CONVERSION = YES;
				CLANG_WARN_DIRECT_OBJC_ISA_USAGE = YES_ERROR;
				CLANG_WARN_EMPTY_BODY = YES;
				CLANG_WARN_ENUM_CONVERSION = YES;
				CLANG_WARN_INT_CONVERSION = YES;
				CLANG_WARN_OBJC_ROOT_CLASS = YES_ERROR;
				CLANG_WARN_UNREACHABLE_CODE = YES;
				CLANG_WARN__DUPLICATE_METHOD_MATCH = YES;
				"CODE_SIGN_IDENTITY[sdk=iphoneos*]" = "iPhone Developer";
				COPY_PHASE_STRIP = NO;
				DEBUG_INFORMATION_FORMAT = "dwarf-with-dsym";
				ENABLE_NS_ASSERTIONS = NO;
				ENABLE_STRICT_OBJC_MSGSEND = YES;
				GCC_C_LANGUAGE_STANDARD = gnu99;
				GCC_NO_COMMON_BLOCKS = YES;
				GCC_WARN_64_TO_32_BIT_CONVERSION = YES;
				GCC_WARN_ABOUT_RETURN_TYPE = YES_ERROR;
				GCC_WARN_UNDECLARED_SELECTOR = YES;
				GCC_WARN_UNINITIALIZED_AUTOS = YES_AGGRESSIVE;
				GCC_WARN_UNUSED_FUNCTION = YES;
				GCC_WARN_UNUSED_VARIABLE = YES;
				IPHONEOS_DEPLOYMENT_TARGET = 8.4;
				MTL_ENABLE_DEBUG_INFO = NO;
				SDKROOT = iphoneos;
				TARGETED_DEVICE_FAMILY = "1,2";
				VALIDATE_PRODUCT = YES;
			};
			name = Release;
		};
		555428001B4C14FD006ABA04 /* Debug */ = {
			isa = XCBuildConfiguration;
			buildSettings = {
				ASSETCATALOG_COMPILER_APPICON_NAME = AppIcon;
				INFOPLIST_FILE = Signature/Info.plist;
				LD_RUNPATH_SEARCH_PATHS = "$(inherited) @executable_path/Frameworks";
				PRODUCT_NAME = "$(TARGET_NAME)";
			};
			name = Debug;
		};
		555428011B4C14FD006ABA04 /* Release */ = {
			isa = XCBuildConfiguration;
			buildSettings = {
				ASSETCATALOG_COMPILER_APPICON_NAME = AppIcon;
				INFOPLIST_FILE = Signature/Info.plist;
				LD_RUNPATH_SEARCH_PATHS = "$(inherited) @executable_path/Frameworks";
				PRODUCT_NAME = "$(TARGET_NAME)";
			};
			name = Release;
		};
		555428031B4C14FD006ABA04 /* Debug */ = {
			isa = XCBuildConfiguration;
			buildSettings = {
				BUNDLE_LOADER = "$(TEST_HOST)";
				FRAMEWORK_SEARCH_PATHS = (
					"$(SDKROOT)/Developer/Library/Frameworks",
					"$(inherited)",
				);
				GCC_PREPROCESSOR_DEFINITIONS = (
					"DEBUG=1",
					"$(inherited)",
				);
				INFOPLIST_FILE = SignatureTests/Info.plist;
				LD_RUNPATH_SEARCH_PATHS = "$(inherited) @executable_path/Frameworks @loader_path/Frameworks";
				PRODUCT_NAME = "$(TARGET_NAME)";
				TEST_HOST = "$(BUILT_PRODUCTS_DIR)/Signature.app/Signature";
			};
			name = Debug;
		};
		555428041B4C14FD006ABA04 /* Release */ = {
			isa = XCBuildConfiguration;
			buildSettings = {
				BUNDLE_LOADER = "$(TEST_HOST)";
				FRAMEWORK_SEARCH_PATHS = (
					"$(SDKROOT)/Developer/Library/Frameworks",
					"$(inherited)",
				);
				INFOPLIST_FILE = SignatureTests/Info.plist;
				LD_RUNPATH_SEARCH_PATHS = "$(inherited) @executable_path/Frameworks @loader_path/Frameworks";
				PRODUCT_NAME = "$(TARGET_NAME)";
				TEST_HOST = "$(BUILT_PRODUCTS_DIR)/Signature.app/Signature";
			};
			name = Release;
		};
/* End XCBuildConfiguration section */

/* Begin XCConfigurationList section */
		555427D71B4C14FD006ABA04 /* Build configuration list for PBXProject "Signature" */ = {
			isa = XCConfigurationList;
			buildConfigurations = (
				555427FD1B4C14FD006ABA04 /* Debug */,
				555427FE1B4C14FD006ABA04 /* Release */,
			);
			defaultConfigurationIsVisible = 0;
			defaultConfigurationName = Release;
		};
		555427FF1B4C14FD006ABA04 /* Build configuration list for PBXNativeTarget "Signature" */ = {
			isa = XCConfigurationList;
			buildConfigurations = (
				555428001B4C14FD006ABA04 /* Debug */,
				555428011B4C14FD006ABA04 /* Release */,
			);
			defaultConfigurationIsVisible = 0;
		};
		555428021B4C14FD006ABA04 /* Build configuration list for PBXNativeTarget "SignatureTests" */ = {
			isa = XCConfigurationList;
			buildConfigurations = (
				555428031B4C14FD006ABA04 /* Debug */,
				555428041B4C14FD006ABA04 /* Release */,
			);
			defaultConfigurationIsVisible = 0;
		};
/* End XCConfigurationList section */
	};
	rootObject = 555427D41B4C14FD006ABA04 /* Project object */;
}
